
Microsoft Visual Studio Solution File, Format Version 12.00
# Visual Studio Version 17
VisualStudioVersion = 17.0.31903.59
MinimumVisualStudioVersion = 10.0.40219.1
Project("{FAE04EC0-301F-11D3-BF4B-00C04F79EFBC}") = "MyFeed.Api", "MyFeed.Api\MyFeed.Api.csproj", "{3E8FCB34-D5EE-40DC-ACC2-A7BF5F3ED319}"
EndProject
Project("{FAE04EC0-301F-11D3-BF4B-00C04F79EFBC}") = "MyFeed.Application", "MyFeed.Application\MyFeed.Application.csproj", "{44C6AD41-1CED-4F53-809A-5213C7D6561B}"
EndProject
Project("{FAE04EC0-301F-11D3-BF4B-00C04F79EFBC}") = "MyFeed.Domain", "MyFeed.Domain\MyFeed.Domain.csproj", "{8973ECB0-B9E3-4365-BD7F-0B5BD84C44EF}"
EndProject
Project("{FAE04EC0-301F-11D3-BF4B-00C04F79EFBC}") = "MyFeed.Infrastructure", "MyFeed.Infrastructure\MyFeed.Infrastructure.csproj", "{25D777A8-7461-4C51-9A81-D9567106A1F6}"
EndProject
Project("{FAE04EC0-301F-11D3-BF4B-00C04F79EFBC}") = "MyFeed.Tests", "MyFeed.Tests\MyFeed.Tests.csproj", "{D304285C-4652-4CB6-AF7D-63EB8CFA0464}"
EndProject
Global
	GlobalSection(SolutionConfigurationPlatforms) = preSolution
		Debug|Any CPU = Debug|Any CPU
		Debug|x64 = Debug|x64
		Debug|x86 = Debug|x86
		Release|Any CPU = Release|Any CPU
		Release|x64 = Release|x64
		Release|x86 = Release|x86
	EndGlobalSection
	GlobalSection(ProjectConfigurationPlatforms) = postSolution
		{3E8FCB34-D5EE-40DC-ACC2-A7BF5F3ED319}.Debug|Any CPU.ActiveCfg = Debug|Any CPU
		{3E8FCB34-D5EE-40DC-ACC2-A7BF5F3ED319}.Debug|Any CPU.Build.0 = Debug|Any CPU
		{3E8FCB34-D5EE-40DC-ACC2-A7BF5F3ED319}.Debug|x64.ActiveCfg = Debug|Any CPU
		{3E8FCB34-D5EE-40DC-ACC2-A7BF5F3ED319}.Debug|x64.Build.0 = Debug|Any CPU
		{3E8FCB34-D5EE-40DC-ACC2-A7BF5F3ED319}.Debug|x86.ActiveCfg = Debug|Any CPU
		{3E8FCB34-D5EE-40DC-ACC2-A7BF5F3ED319}.Debug|x86.Build.0 = Debug|Any CPU
		{3E8FCB34-D5EE-40DC-ACC2-A7BF5F3ED319}.Release|Any CPU.ActiveCfg = Release|Any CPU
		{3E8FCB34-D5EE-40DC-ACC2-A7BF5F3ED319}.Release|Any CPU.Build.0 = Release|Any CPU
		{3E8FCB34-D5EE-40DC-ACC2-A7BF5F3ED319}.Release|x64.ActiveCfg = Release|Any CPU
		{3E8FCB34-D5EE-40DC-ACC2-A7BF5F3ED319}.Release|x64.Build.0 = Release|Any CPU
		{3E8FCB34-D5EE-40DC-ACC2-A7BF5F3ED319}.Release|x86.ActiveCfg = Release|Any CPU
		{3E8FCB34-D5EE-40DC-ACC2-A7BF5F3ED319}.Release|x86.Build.0 = Release|Any CPU
		{44C6AD41-1CED-4F53-809A-5213C7D6561B}.Debug|Any CPU.ActiveCfg = Debug|Any CPU
		{44C6AD41-1CED-4F53-809A-5213C7D6561B}.Debug|Any CPU.Build.0 = Debug|Any CPU
		{44C6AD41-1CED-4F53-809A-5213C7D6561B}.Debug|x64.ActiveCfg = Debug|Any CPU
		{44C6AD41-1CED-4F53-809A-5213C7D6561B}.Debug|x64.Build.0 = Debug|Any CPU
		{44C6AD41-1CED-4F53-809A-5213C7D6561B}.Debug|x86.ActiveCfg = Debug|Any CPU
		{44C6AD41-1CED-4F53-809A-5213C7D6561B}.Debug|x86.Build.0 = Debug|Any CPU
		{44C6AD41-1CED-4F53-809A-5213C7D6561B}.Release|Any CPU.ActiveCfg = Release|Any CPU
		{44C6AD41-1CED-4F53-809A-5213C7D6561B}.Release|Any CPU.Build.0 = Release|Any CPU
		{44C6AD41-1CED-4F53-809A-5213C7D6561B}.Release|x64.ActiveCfg = Release|Any CPU
		{44C6AD41-1CED-4F53-809A-5213C7D6561B}.Release|x64.Build.0 = Release|Any CPU
		{44C6AD41-1CED-4F53-809A-5213C7D6561B}.Release|x86.ActiveCfg = Release|Any CPU
		{44C6AD41-1CED-4F53-809A-5213C7D6561B}.Release|x86.Build.0 = Release|Any CPU
		{8973ECB0-B9E3-4365-BD7F-0B5BD84C44EF}.Debug|Any CPU.ActiveCfg = Debug|Any CPU
		{8973ECB0-B9E3-4365-BD7F-0B5BD84C44EF}.Debug|Any CPU.Build.0 = Debug|Any CPU
		{8973ECB0-B9E3-4365-BD7F-0B5BD84C44EF}.Debug|x64.ActiveCfg = Debug|Any CPU
		{8973ECB0-B9E3-4365-BD7F-0B5BD84C44EF}.Debug|x64.Build.0 = Debug|Any CPU
		{8973ECB0-B9E3-4365-BD7F-0B5BD84C44EF}.Debug|x86.ActiveCfg = Debug|Any CPU
		{8973ECB0-B9E3-4365-BD7F-0B5BD84C44EF}.Debug|x86.Build.0 = Debug|Any CPU
		{8973ECB0-B9E3-4365-BD7F-0B5BD84C44EF}.Release|Any CPU.ActiveCfg = Release|Any CPU
		{8973ECB0-B9E3-4365-BD7F-0B5BD84C44EF}.Release|Any CPU.Build.0 = Release|Any CPU
		{8973ECB0-B9E3-4365-BD7F-0B5BD84C44EF}.Release|x64.ActiveCfg = Release|Any CPU
		{8973ECB0-B9E3-4365-BD7F-0B5BD84C44EF}.Release|x64.Build.0 = Release|Any CPU
		{8973ECB0-B9E3-4365-BD7F-0B5BD84C44EF}.Release|x86.ActiveCfg = Release|Any CPU
		{8973ECB0-B9E3-4365-BD7F-0B5BD84C44EF}.Release|x86.Build.0 = Release|Any CPU
		{25D777A8-7461-4C51-9A81-D9567106A1F6}.Debug|Any CPU.ActiveCfg = Debug|Any CPU
		{25D777A8-7461-4C51-9A81-D9567106A1F6}.Debug|Any CPU.Build.0 = Debug|Any CPU
		{25D777A8-7461-4C51-9A81-D9567106A1F6}.Debug|x64.ActiveCfg = Debug|Any CPU
		{25D777A8-7461-4C51-9A81-D9567106A1F6}.Debug|x64.Build.0 = Debug|Any CPU
		{25D777A8-7461-4C51-9A81-D9567106A1F6}.Debug|x86.ActiveCfg = Debug|Any CPU
		{25D777A8-7461-4C51-9A81-D9567106A1F6}.Debug|x86.Build.0 = Debug|Any CPU
		{25D777A8-7461-4C51-9A81-D9567106A1F6}.Release|Any CPU.ActiveCfg = Release|Any CPU
		{25D777A8-7461-4C51-9A81-D9567106A1F6}.Release|Any CPU.Build.0 = Release|Any CPU
		{25D777A8-7461-4C51-9A81-D9567106A1F6}.Release|x64.ActiveCfg = Release|Any CPU
		{25D777A8-7461-4C51-9A81-D9567106A1F6}.Release|x64.Build.0 = Release|Any CPU
		{25D777A8-7461-4C51-9A81-D9567106A1F6}.Release|x86.ActiveCfg = Release|Any CPU
		{25D777A8-7461-4C51-9A81-D9567106A1F6}.Release|x86.Build.0 = Release|Any CPU
		{D304285C-4652-4CB6-AF7D-63EB8CFA0464}.Debug|Any CPU.ActiveCfg = Debug|Any CPU
		{D304285C-4652-4CB6-AF7D-63EB8CFA0464}.Debug|Any CPU.Build.0 = Debug|Any CPU
		{D304285C-4652-4CB6-AF7D-63EB8CFA0464}.Debug|x64.ActiveCfg = Debug|Any CPU
		{D304285C-4652-4CB6-AF7D-63EB8CFA0464}.Debug|x64.Build.0 = Debug|Any CPU
		{D304285C-4652-4CB6-AF7D-63EB8CFA0464}.Debug|x86.ActiveCfg = Debug|Any CPU
		{D304285C-4652-4CB6-AF7D-63EB8CFA0464}.Debug|x86.Build.0 = Debug|Any CPU
		{D304285C-4652-4CB6-AF7D-63EB8CFA0464}.Release|Any CPU.ActiveCfg = Release|Any CPU
		{D304285C-4652-4CB6-AF7D-63EB8CFA0464}.Release|Any CPU.Build.0 = Release|Any CPU
		{D304285C-4652-4CB6-AF7D-63EB8CFA0464}.Release|x64.ActiveCfg = Release|Any CPU
		{D304285C-4652-4CB6-AF7D-63EB8CFA0464}.Release|x64.Build.0 = Release|Any CPU
		{D304285C-4652-4CB6-AF7D-63EB8CFA0464}.Release|x86.ActiveCfg = Release|Any CPU
		{D304285C-4652-4CB6-AF7D-63EB8CFA0464}.Release|x86.Build.0 = Release|Any CPU
	EndGlobalSection
	GlobalSection(SolutionProperties) = preSolution
		HideSolutionNode = FALSE
	EndGlobalSection
EndGlobal
